PODS:
  - AutoSQLite.swift (0.0.1):
    - SQLite.swift (~> 0.11.5)
  - SQLite.swift (0.11.5):
    - SQLite.swift/standard (= 0.11.5)
  - SQLite.swift/standard (0.11.5)

DEPENDENCIES:
  - AutoSQLite.swift (from `./`)

SPEC REPOS:
  https://github.com/cocoapods/specs.git:
    - SQLite.swift

EXTERNAL SOURCES:
  AutoSQLite.swift:
    :path: "./"

SPEC CHECKSUMS:
  AutoSQLite.swift: 94ee44f06bddd77c3b41e8d69b7d3da120aea026
  SQLite.swift: 6e5356850bb1791459f8c16d6ee9195b28714a2e

PODFILE CHECKSUM: d8b54c499c79b6958a3d529d993623b2a825e7e3

COCOAPODS: 1.5.3
