PODS:
  - AutoSQLiteSwift (0.0.8):
    - SQLite.swift (~> 0.12.2)
  - SQLite.swift (0.12.2):
    - SQLite.swift/standard (= 0.12.2)
  - SQLite.swift/standard (0.12.2)

DEPENDENCIES:
  - AutoSQLiteSwift (from `../`)

SPEC REPOS:
  https://github.com/cocoapods/specs.git:
    - SQLite.swift

EXTERNAL SOURCES:
  AutoSQLiteSwift:
    :path: "../"

SPEC CHECKSUMS:
  AutoSQLiteSwift: be73899cbb6d9ced00d64fdba95fa137a55fbc8b
  SQLite.swift: d2b4642190917051ce6bd1d49aab565fe794eea3

PODFILE CHECKSUM: ad91a756e6efc927aa8db394475622c8e990f195

COCOAPODS: 1.7.1
