// !$*UTF8*$!
{
	archiveVersion = 1;
	classes = {
	};
	objectVersion = 46;
	objects = {

/* Begin PBXBuildFile section */
		183CE29F1ED82539001970A6 /* TestModel.swift in Sources */ = {isa = PBXBuildFile; fileRef = 183CE29E1ED82539001970A6 /* TestModel.swift */; };
		183CE2A11ED8253E001970A6 /* SQLiteOperateVc.swift in Sources */ = {isa = PBXBuildFile; fileRef = 183CE2A01ED8253E001970A6 /* SQLiteOperateVc.swift */; };
		186965BA1EC4697C00B6D2F9 /* AppDelegate.swift in Sources */ = {isa = PBXBuildFile; fileRef = 186965B91EC4697C00B6D2F9 /* AppDelegate.swift */; };
		186965BC1EC4697C00B6D2F9 /* ViewController.swift in Sources */ = {isa = PBXBuildFile; fileRef = 186965BB1EC4697C00B6D2F9 /* ViewController.swift */; };
		186965BF1EC4697C00B6D2F9 /* Main.storyboard in Resources */ = {isa = PBXBuildFile; fileRef = 186965BD1EC4697C00B6D2F9 /* Main.storyboard */; };
		186965C11EC4697C00B6D2F9 /* Assets.xcassets in Resources */ = {isa = PBXBuildFile; fileRef = 186965C01EC4697C00B6D2F9 /* Assets.xcassets */; };
		186965C41EC4697C00B6D2F9 /* LaunchScreen.storyboard in Resources */ = {isa = PBXBuildFile; fileRef = 186965C21EC4697C00B6D2F9 /* LaunchScreen.storyboard */; };
		186965CF1EC4697C00B6D2F9 /* AutoSQLite_swiftTests.swift in Sources */ = {isa = PBXBuildFile; fileRef = 186965CE1EC4697C00B6D2F9 /* AutoSQLite_swiftTests.swift */; };
		186965DA1EC4697C00B6D2F9 /* AutoSQLite_swiftUITests.swift in Sources */ = {isa = PBXBuildFile; fileRef = 186965D91EC4697C00B6D2F9 /* AutoSQLite_swiftUITests.swift */; };
		B509008F363793047ADD83D5 /* Pods_AutoSQLite_swift.framework in Frameworks */ = {isa = PBXBuildFile; fileRef = AA247DA913698B7C0629A0EC /* Pods_AutoSQLite_swift.framework */; };
/* End PBXBuildFile section */

/* Begin PBXContainerItemProxy section */
		186965CB1EC4697C00B6D2F9 /* PBXContainerItemProxy */ = {
			isa = PBXContainerItemProxy;
			containerPortal = 186965AE1EC4697C00B6D2F9 /* Project object */;
			proxyType = 1;
			remoteGlobalIDString = 186965B51EC4697C00B6D2F9;
			remoteInfo = AutoSQLite.swift;
		};
		186965D61EC4697C00B6D2F9 /* PBXContainerItemProxy */ = {
			isa = PBXContainerItemProxy;
			containerPortal = 186965AE1EC4697C00B6D2F9 /* Project object */;
			proxyType = 1;
			remoteGlobalIDString = 186965B51EC4697C00B6D2F9;
			remoteInfo = AutoSQLite.swift;
		};
/* End PBXContainerItemProxy section */

/* Begin PBXFileReference section */
		183CE29E1ED82539001970A6 /* TestModel.swift */ = {isa = PBXFileReference; fileEncoding = 4; lastKnownFileType = sourcecode.swift; path = TestModel.swift; sourceTree = "<group>"; };
		183CE2A01ED8253E001970A6 /* SQLiteOperateVc.swift */ = {isa = PBXFileReference; fileEncoding = 4; lastKnownFileType = sourcecode.swift; path = SQLiteOperateVc.swift; sourceTree = "<group>"; };
		186965B61EC4697C00B6D2F9 /* AutoSQLite.swift.app */ = {isa = PBXFileReference; explicitFileType = wrapper.application; includeInIndex = 0; path = AutoSQLite.swift.app; sourceTree = BUILT_PRODUCTS_DIR; };
		186965B91EC4697C00B6D2F9 /* AppDelegate.swift */ = {isa = PBXFileReference; lastKnownFileType = sourcecode.swift; path = AppDelegate.swift; sourceTree = "<group>"; };
		186965BB1EC4697C00B6D2F9 /* ViewController.swift */ = {isa = PBXFileReference; lastKnownFileType = sourcecode.swift; path = ViewController.swift; sourceTree = "<group>"; };
		186965BE1EC4697C00B6D2F9 /* Base */ = {isa = PBXFileReference; lastKnownFileType = file.storyboard; name = Base; path = Base.lproj/Main.storyboard; sourceTree = "<group>"; };
		186965C01EC4697C00B6D2F9 /* Assets.xcassets */ = {isa = PBXFileReference; lastKnownFileType = folder.assetcatalog; path = Assets.xcassets; sourceTree = "<group>"; };
		186965C31EC4697C00B6D2F9 /* Base */ = {isa = PBXFileReference; lastKnownFileType = file.storyboard; name = Base; path = Base.lproj/LaunchScreen.storyboard; sourceTree = "<group>"; };
		186965C51EC4697C00B6D2F9 /* Info.plist */ = {isa = PBXFileReference; lastKnownFileType = text.plist.xml; path = Info.plist; sourceTree = "<group>"; };
		186965CA1EC4697C00B6D2F9 /* AutoSQLite.swiftTests.xctest */ = {isa = PBXFileReference; explicitFileType = wrapper.cfbundle; includeInIndex = 0; path = AutoSQLite.swiftTests.xctest; sourceTree = BUILT_PRODUCTS_DIR; };
		186965CE1EC4697C00B6D2F9 /* AutoSQLite_swiftTests.swift */ = {isa = PBXFileReference; lastKnownFileType = sourcecode.swift; path = AutoSQLite_swiftTests.swift; sourceTree = "<group>"; };
		186965D01EC4697C00B6D2F9 /* Info.plist */ = {isa = PBXFileReference; lastKnownFileType = text.plist.xml; path = Info.plist; sourceTree = "<group>"; };
		186965D51EC4697C00B6D2F9 /* AutoSQLite.swiftUITests.xctest */ = {isa = PBXFileReference; explicitFileType = wrapper.cfbundle; includeInIndex = 0; path = AutoSQLite.swiftUITests.xctest; sourceTree = BUILT_PRODUCTS_DIR; };
		186965D91EC4697C00B6D2F9 /* AutoSQLite_swiftUITests.swift */ = {isa = PBXFileReference; lastKnownFileType = sourcecode.swift; path = AutoSQLite_swiftUITests.swift; sourceTree = "<group>"; };
		186965DB1EC4697C00B6D2F9 /* Info.plist */ = {isa = PBXFileReference; lastKnownFileType = text.plist.xml; path = Info.plist; sourceTree = "<group>"; };
		5FBAC6D6FA7CC74869BDD003 /* Pods-AutoSQLite.swift.debug.xcconfig */ = {isa = PBXFileReference; includeInIndex = 1; lastKnownFileType = text.xcconfig; name = "Pods-AutoSQLite.swift.debug.xcconfig"; path = "Pods/Target Support Files/Pods-AutoSQLite.swift/Pods-AutoSQLite.swift.debug.xcconfig"; sourceTree = "<group>"; };
		AA247DA913698B7C0629A0EC /* Pods_AutoSQLite_swift.framework */ = {isa = PBXFileReference; explicitFileType = wrapper.framework; includeInIndex = 0; path = Pods_AutoSQLite_swift.framework; sourceTree = BUILT_PRODUCTS_DIR; };
		D0F38D4E9C14F068FC96E229 /* Pods-AutoSQLite.swift.release.xcconfig */ = {isa = PBXFileReference; includeInIndex = 1; lastKnownFileType = text.xcconfig; name = "Pods-AutoSQLite.swift.release.xcconfig"; path = "Pods/Target Support Files/Pods-AutoSQLite.swift/Pods-AutoSQLite.swift.release.xcconfig"; sourceTree = "<group>"; };
/* End PBXFileReference section */

/* Begin PBXFrameworksBuildPhase section */
		186965B31EC4697C00B6D2F9 /* Frameworks */ = {
			isa = PBXFrameworksBuildPhase;
			buildActionMask = 2147483647;
			files = (
				B509008F363793047ADD83D5 /* Pods_AutoSQLite_swift.framework in Frameworks */,
			);
			runOnlyForDeploymentPostprocessing = 0;
		};
		186965C71EC4697C00B6D2F9 /* Frameworks */ = {
			isa = PBXFrameworksBuildPhase;
			buildActionMask = 2147483647;
			files = (
			);
			runOnlyForDeploymentPostprocessing = 0;
		};
		186965D21EC4697C00B6D2F9 /* Frameworks */ = {
			isa = PBXFrameworksBuildPhase;
			buildActionMask = 2147483647;
			files = (
			);
			runOnlyForDeploymentPostprocessing = 0;
		};
/* End PBXFrameworksBuildPhase section */

/* Begin PBXGroup section */
		186965AD1EC4697C00B6D2F9 = {
			isa = PBXGroup;
			children = (
				186965B81EC4697C00B6D2F9 /* AutoSQLite.swift */,
				186965CD1EC4697C00B6D2F9 /* AutoSQLite.swiftTests */,
				186965D81EC4697C00B6D2F9 /* AutoSQLite.swiftUITests */,
				186965B71EC4697C00B6D2F9 /* Products */,
				D0EA137E991D069EB6D5C799 /* Pods */,
				B07251BDB20ED43EBA89E43E /* Frameworks */,
			);
			sourceTree = "<group>";
		};
		186965B71EC4697C00B6D2F9 /* Products */ = {
			isa = PBXGroup;
			children = (
				186965B61EC4697C00B6D2F9 /* AutoSQLite.swift.app */,
				186965CA1EC4697C00B6D2F9 /* AutoSQLite.swiftTests.xctest */,
				186965D51EC4697C00B6D2F9 /* AutoSQLite.swiftUITests.xctest */,
			);
			name = Products;
			sourceTree = "<group>";
		};
		186965B81EC4697C00B6D2F9 /* AutoSQLite.swift */ = {
			isa = PBXGroup;
			children = (
				186965B91EC4697C00B6D2F9 /* AppDelegate.swift */,
				186965BB1EC4697C00B6D2F9 /* ViewController.swift */,
				183CE2A01ED8253E001970A6 /* SQLiteOperateVc.swift */,
				183CE29E1ED82539001970A6 /* TestModel.swift */,
				186965BD1EC4697C00B6D2F9 /* Main.storyboard */,
				186965C01EC4697C00B6D2F9 /* Assets.xcassets */,
				186965C21EC4697C00B6D2F9 /* LaunchScreen.storyboard */,
				186965C51EC4697C00B6D2F9 /* Info.plist */,
			);
			path = AutoSQLite.swift;
			sourceTree = "<group>";
		};
		186965CD1EC4697C00B6D2F9 /* AutoSQLite.swiftTests */ = {
			isa = PBXGroup;
			children = (
				186965CE1EC4697C00B6D2F9 /* AutoSQLite_swiftTests.swift */,
				186965D01EC4697C00B6D2F9 /* Info.plist */,
			);
			path = AutoSQLite.swiftTests;
			sourceTree = "<group>";
		};
		186965D81EC4697C00B6D2F9 /* AutoSQLite.swiftUITests */ = {
			isa = PBXGroup;
			children = (
				186965D91EC4697C00B6D2F9 /* AutoSQLite_swiftUITests.swift */,
				186965DB1EC4697C00B6D2F9 /* Info.plist */,
			);
			path = AutoSQLite.swiftUITests;
			sourceTree = "<group>";
		};
		B07251BDB20ED43EBA89E43E /* Frameworks */ = {
			isa = PBXGroup;
			children = (
				AA247DA913698B7C0629A0EC /* Pods_AutoSQLite_swift.framework */,
			);
			name = Frameworks;
			sourceTree = "<group>";
		};
		D0EA137E991D069EB6D5C799 /* Pods */ = {
			isa = PBXGroup;
			children = (
				5FBAC6D6FA7CC74869BDD003 /* Pods-AutoSQLite.swift.debug.xcconfig */,
				D0F38D4E9C14F068FC96E229 /* Pods-AutoSQLite.swift.release.xcconfig */,
			);
			name = Pods;
			sourceTree = "<group>";
		};
/* End PBXGroup section */

/* Begin PBXNativeTarget section */
		186965B51EC4697C00B6D2F9 /* AutoSQLite.swift */ = {
			isa = PBXNativeTarget;
			buildConfigurationList = 186965DE1EC4697C00B6D2F9 /* Build configuration list for PBXNativeTarget "AutoSQLite.swift" */;
			buildPhases = (
				2D648A1D1A8F46138E179055 /* [CP] Check Pods Manifest.lock */,
				186965B21EC4697C00B6D2F9 /* Sources */,
				186965B31EC4697C00B6D2F9 /* Frameworks */,
				186965B41EC4697C00B6D2F9 /* Resources */,
				CAC3AE76B55C1E6A46F23D9D /* [CP] Embed Pods Frameworks */,
			);
			buildRules = (
			);
			dependencies = (
			);
			name = AutoSQLite.swift;
			productName = AutoSQLite.swift;
			productReference = 186965B61EC4697C00B6D2F9 /* AutoSQLite.swift.app */;
			productType = "com.apple.product-type.application";
		};
		186965C91EC4697C00B6D2F9 /* AutoSQLite.swiftTests */ = {
			isa = PBXNativeTarget;
			buildConfigurationList = 186965E11EC4697C00B6D2F9 /* Build configuration list for PBXNativeTarget "AutoSQLite.swiftTests" */;
			buildPhases = (
				186965C61EC4697C00B6D2F9 /* Sources */,
				186965C71EC4697C00B6D2F9 /* Frameworks */,
				186965C81EC4697C00B6D2F9 /* Resources */,
			);
			buildRules = (
			);
			dependencies = (
				186965CC1EC4697C00B6D2F9 /* PBXTargetDependency */,
			);
			name = AutoSQLite.swiftTests;
			productName = AutoSQLite.swiftTests;
			productReference = 186965CA1EC4697C00B6D2F9 /* AutoSQLite.swiftTests.xctest */;
			productType = "com.apple.product-type.bundle.unit-test";
		};
		186965D41EC4697C00B6D2F9 /* AutoSQLite.swiftUITests */ = {
			isa = PBXNativeTarget;
			buildConfigurationList = 186965E41EC4697C00B6D2F9 /* Build configuration list for PBXNativeTarget "AutoSQLite.swiftUITests" */;
			buildPhases = (
				186965D11EC4697C00B6D2F9 /* Sources */,
				186965D21EC4697C00B6D2F9 /* Frameworks */,
				186965D31EC4697C00B6D2F9 /* Resources */,
			);
			buildRules = (
			);
			dependencies = (
				186965D71EC4697C00B6D2F9 /* PBXTargetDependency */,
			);
			name = AutoSQLite.swiftUITests;
			productName = AutoSQLite.swiftUITests;
			productReference = 186965D51EC4697C00B6D2F9 /* AutoSQLite.swiftUITests.xctest */;
			productType = "com.apple.product-type.bundle.ui-testing";
		};
/* End PBXNativeTarget section */

/* Begin PBXProject section */
		186965AE1EC4697C00B6D2F9 /* Project object */ = {
			isa = PBXProject;
			attributes = {
				LastSwiftUpdateCheck = 0830;
				LastUpgradeCheck = 0930;
				ORGANIZATIONNAME = TonyReet;
				TargetAttributes = {
					186965B51EC4697C00B6D2F9 = {
						CreatedOnToolsVersion = 8.3.2;
						ProvisioningStyle = Automatic;
					};
					186965C91EC4697C00B6D2F9 = {
						CreatedOnToolsVersion = 8.3.2;
						DevelopmentTeam = VXJWPMTZDB;
						LastSwiftMigration = 0910;
						ProvisioningStyle = Automatic;
						TestTargetID = 186965B51EC4697C00B6D2F9;
					};
					186965D41EC4697C00B6D2F9 = {
						CreatedOnToolsVersion = 8.3.2;
						DevelopmentTeam = VXJWPMTZDB;
						LastSwiftMigration = 0910;
						ProvisioningStyle = Automatic;
						TestTargetID = 186965B51EC4697C00B6D2F9;
					};
				};
			};
			buildConfigurationList = 186965B11EC4697C00B6D2F9 /* Build configuration list for PBXProject "AutoSQLite.swift" */;
			compatibilityVersion = "Xcode 3.2";
			developmentRegion = English;
			hasScannedForEncodings = 0;
			knownRegions = (
				en,
				Base,
			);
			mainGroup = 186965AD1EC4697C00B6D2F9;
			productRefGroup = 186965B71EC4697C00B6D2F9 /* Products */;
			projectDirPath = "";
			projectRoot = "";
			targets = (
				186965B51EC4697C00B6D2F9 /* AutoSQLite.swift */,
				186965C91EC4697C00B6D2F9 /* AutoSQLite.swiftTests */,
				186965D41EC4697C00B6D2F9 /* AutoSQLite.swiftUITests */,
			);
		};
/* End PBXProject section */

/* Begin PBXResourcesBuildPhase section */
		186965B41EC4697C00B6D2F9 /* Resources */ = {
			isa = PBXResourcesBuildPhase;
			buildActionMask = 2147483647;
			files = (
				186965C41EC4697C00B6D2F9 /* LaunchScreen.storyboard in Resources */,
				186965C11EC4697C00B6D2F9 /* Assets.xcassets in Resources */,
				186965BF1EC4697C00B6D2F9 /* Main.storyboard in Resources */,
			);
			runOnlyForDeploymentPostprocessing = 0;
		};
		186965C81EC4697C00B6D2F9 /* Resources */ = {
			isa = PBXResourcesBuildPhase;
			buildActionMask = 2147483647;
			files = (
			);
			runOnlyForDeploymentPostprocessing = 0;
		};
		186965D31EC4697C00B6D2F9 /* Resources */ = {
			isa = PBXResourcesBuildPhase;
			buildActionMask = 2147483647;
			files = (
			);
			runOnlyForDeploymentPostprocessing = 0;
		};
/* End PBXResourcesBuildPhase section */

/* Begin PBXShellScriptBuildPhase section */
		2D648A1D1A8F46138E179055 /* [CP] Check Pods Manifest.lock */ = {
			isa = PBXShellScriptBuildPhase;
			buildActionMask = 2147483647;
			files = (
			);
			inputFileListPaths = (
			);
			inputPaths = (
				"${PODS_PODFILE_DIR_PATH}/Podfile.lock",
				"${PODS_ROOT}/Manifest.lock",
			);
			name = "[CP] Check Pods Manifest.lock";
			outputFileListPaths = (
			);
			outputPaths = (
				"$(DERIVED_FILE_DIR)/Pods-AutoSQLite.swift-checkManifestLockResult.txt",
			);
			runOnlyForDeploymentPostprocessing = 0;
			shellPath = /bin/sh;
			shellScript = "diff \"${PODS_PODFILE_DIR_PATH}/Podfile.lock\" \"${PODS_ROOT}/Manifest.lock\" > /dev/null\nif [ $? != 0 ] ; then\n    # print error to STDERR\n    echo \"error: The sandbox is not in sync with the Podfile.lock. Run 'pod install' or update your CocoaPods installation.\" >&2\n    exit 1\nfi\n# This output is used by Xcode 'outputs' to avoid re-running this script phase.\necho \"SUCCESS\" > \"${SCRIPT_OUTPUT_FILE_0}\"\n";
			showEnvVarsInLog = 0;
		};
		CAC3AE76B55C1E6A46F23D9D /* [CP] Embed Pods Frameworks */ = {
			isa = PBXShellScriptBuildPhase;
			buildActionMask = 2147483647;
			files = (
			);
			inputFileListPaths = (
			);
			inputPaths = (
				"${SRCROOT}/Pods/Target Support Files/Pods-AutoSQLite.swift/Pods-AutoSQLite.swift-frameworks.sh",
				"${BUILT_PRODUCTS_DIR}/Alamofire/Alamofire.framework",
				"${BUILT_PRODUCTS_DIR}/AutoSQLiteSwift/AutoSQLiteSwift.framework",
				"${BUILT_PRODUCTS_DIR}/SQLite.swift/SQLite.framework",
			);
			name = "[CP] Embed Pods Frameworks";
			outputFileListPaths = (
			);
			outputPaths = (
				"${TARGET_BUILD_DIR}/${FRAMEWORKS_FOLDER_PATH}/Alamofire.framework",
				"${TARGET_BUILD_DIR}/${FRAMEWORKS_FOLDER_PATH}/AutoSQLiteSwift.framework",
				"${TARGET_BUILD_DIR}/${FRAMEWORKS_FOLDER_PATH}/SQLite.framework",
			);
			runOnlyForDeploymentPostprocessing = 0;
			shellPath = /bin/sh;
			shellScript = "\"${SRCROOT}/Pods/Target Support Files/Pods-AutoSQLite.swift/Pods-AutoSQLite.swift-frameworks.sh\"\n";
			showEnvVarsInLog = 0;
		};
/* End PBXShellScriptBuildPhase section */

/* Begin PBXSourcesBuildPhase section */
		186965B21EC4697C00B6D2F9 /* Sources */ = {
			isa = PBXSourcesBuildPhase;
			buildActionMask = 2147483647;
			files = (
				183CE2A11ED8253E001970A6 /* SQLiteOperateVc.swift in Sources */,
				186965BC1EC4697C00B6D2F9 /* ViewController.swift in Sources */,
				186965BA1EC4697C00B6D2F9 /* AppDelegate.swift in Sources */,
				183CE29F1ED82539001970A6 /* TestModel.swift in Sources */,
			);
			runOnlyForDeploymentPostprocessing = 0;
		};
		186965C61EC4697C00B6D2F9 /* Sources */ = {
			isa = PBXSourcesBuildPhase;
			buildActionMask = 2147483647;
			files = (
				186965CF1EC4697C00B6D2F9 /* AutoSQLite_swiftTests.swift in Sources */,
			);
			runOnlyForDeploymentPostprocessing = 0;
		};
		186965D11EC4697C00B6D2F9 /* Sources */ = {
			isa = PBXSourcesBuildPhase;
			buildActionMask = 2147483647;
			files = (
				186965DA1EC4697C00B6D2F9 /* AutoSQLite_swiftUITests.swift in Sources */,
			);
			runOnlyForDeploymentPostprocessing = 0;
		};
/* End PBXSourcesBuildPhase section */

/* Begin PBXTargetDependency section */
		186965CC1EC4697C00B6D2F9 /* PBXTargetDependency */ = {
			isa = PBXTargetDependency;
			target = 186965B51EC4697C00B6D2F9 /* AutoSQLite.swift */;
			targetProxy = 186965CB1EC4697C00B6D2F9 /* PBXContainerItemProxy */;
		};
		186965D71EC4697C00B6D2F9 /* PBXTargetDependency */ = {
			isa = PBXTargetDependency;
			target = 186965B51EC4697C00B6D2F9 /* AutoSQLite.swift */;
			targetProxy = 186965D61EC4697C00B6D2F9 /* PBXContainerItemProxy */;
		};
/* End PBXTargetDependency section */

/* Begin PBXVariantGroup section */
		186965BD1EC4697C00B6D2F9 /* Main.storyboard */ = {
			isa = PBXVariantGroup;
			children = (
				186965BE1EC4697C00B6D2F9 /* Base */,
			);
			name = Main.storyboard;
			sourceTree = "<group>";
		};
		186965C21EC4697C00B6D2F9 /* LaunchScreen.storyboard */ = {
			isa = PBXVariantGroup;
			children = (
				186965C31EC4697C00B6D2F9 /* Base */,
			);
			name = LaunchScreen.storyboard;
			sourceTree = "<group>";
		};
/* End PBXVariantGroup section */

/* Begin XCBuildConfiguration section */
		186965DC1EC4697C00B6D2F9 /* Debug */ = {
			isa = XCBuildConfiguration;
			buildSettings = {
				ALWAYS_SEARCH_USER_PATHS = NO;
				CLANG_ANALYZER_NONNULL = YES;
				CLANG_ANALYZER_NUMBER_OBJECT_CONVERSION = YES_AGGRESSIVE;
				CLANG_CXX_LANGUAGE_STANDARD = "gnu++0x";
				CLANG_CXX_LIBRARY = "libc++";
				CLANG_ENABLE_MODULES = YES;
				CLANG_ENABLE_OBJC_ARC = YES;
				CLANG_WARN_BLOCK_CAPTURE_AUTORELEASING = YES;
				CLANG_WARN_BOOL_CONVERSION = YES;
				CLANG_WARN_COMMA = YES;
				CLANG_WARN_CONSTANT_CONVERSION = YES;
				CLANG_WARN_DEPRECATED_OBJC_IMPLEMENTATIONS = YES;
				CLANG_WARN_DIRECT_OBJC_ISA_USAGE = YES_ERROR;
				CLANG_WARN_DOCUMENTATION_COMMENTS = YES;
				CLANG_WARN_EMPTY_BODY = YES;
				CLANG_WARN_ENUM_CONVERSION = YES;
				CLANG_WARN_INFINITE_RECURSION = YES;
				CLANG_WARN_INT_CONVERSION = YES;
				CLANG_WARN_NON_LITERAL_NULL_CONVERSION = YES;
				CLANG_WARN_OBJC_IMPLICIT_RETAIN_SELF = YES;
				CLANG_WARN_OBJC_LITERAL_CONVERSION = YES;
				CLANG_WARN_OBJC_ROOT_CLASS = YES_ERROR;
				CLANG_WARN_RANGE_LOOP_ANALYSIS = YES;
				CLANG_WARN_STRICT_PROTOTYPES = YES;
				CLANG_WARN_SUSPICIOUS_MOVE = YES;
				CLANG_WARN_UNREACHABLE_CODE = YES;
				CLANG_WARN__DUPLICATE_METHOD_MATCH = YES;
				"CODE_SIGN_IDENTITY[sdk=iphoneos*]" = "iPhone Developer";
				COPY_PHASE_STRIP = NO;
				DEBUG_INFORMATION_FORMAT = dwarf;
				ENABLE_STRICT_OBJC_MSGSEND = YES;
				ENABLE_TESTABILITY = YES;
				GCC_C_LANGUAGE_STANDARD = gnu99;
				GCC_DYNAMIC_NO_PIC = NO;
				GCC_NO_COMMON_BLOCKS = YES;
				GCC_OPTIMIZATION_LEVEL = 0;
				GCC_PREPROCESSOR_DEFINITIONS = (
					"DEBUG=1",
					"$(inherited)",
				);
				GCC_WARN_64_TO_32_BIT_CONVERSION = YES;
				GCC_WARN_ABOUT_RETURN_TYPE = YES_ERROR;
				GCC_WARN_UNDECLARED_SELECTOR = YES;
				GCC_WARN_UNINITIALIZED_AUTOS = YES_AGGRESSIVE;
				GCC_WARN_UNUSED_FUNCTION = YES;
				GCC_WARN_UNUSED_VARIABLE = YES;
				IPHONEOS_DEPLOYMENT_TARGET = 10.3;
				MTL_ENABLE_DEBUG_INFO = YES;
				ONLY_ACTIVE_ARCH = YES;
				SDKROOT = iphoneos;
				SWIFT_ACTIVE_COMPILATION_CONDITIONS = DEBUG;
				SWIFT_OPTIMIZATION_LEVEL = "-Onone";
			};
			name = Debug;
		};
		186965DD1EC4697C00B6D2F9 /* Release */ = {
			isa = XCBuildConfiguration;
			buildSettings = {
				ALWAYS_SEARCH_USER_PATHS = NO;
				CLANG_ANALYZER_NONNULL = YES;
				CLANG_ANALYZER_NUMBER_OBJECT_CONVERSION = YES_AGGRESSIVE;
				CLANG_CXX_LANGUAGE_STANDARD = "gnu++0x";
				CLANG_CXX_LIBRARY = "libc++";
				CLANG_ENABLE_MODULES = YES;
				CLANG_ENABLE_OBJC_ARC = YES;
				CLANG_WARN_BLOCK_CAPTURE_AUTORELEASING = YES;
				CLANG_WARN_BOOL_CONVERSION = YES;
				CLANG_WARN_COMMA = YES;
				CLANG_WARN_CONSTANT_CONVERSION = YES;
				CLANG_WARN_DEPRECATED_OBJC_IMPLEMENTATIONS = YES;
				CLANG_WARN_DIRECT_OBJC_ISA_USAGE = YES_ERROR;
				CLANG_WARN_DOCUMENTATION_COMMENTS = YES;
				CLANG_WARN_EMPTY_BODY = YES;
				CLANG_WARN_ENUM_CONVERSION = YES;
				CLANG_WARN_INFINITE_RECURSION = YES;
				CLANG_WARN_INT_CONVERSION = YES;
				CLANG_WARN_NON_LITERAL_NULL_CONVERSION = YES;
				CLANG_WARN_OBJC_IMPLICIT_RETAIN_SELF = YES;
				CLANG_WARN_OBJC_LITERAL_CONVERSION = YES;
				CLANG_WARN_OBJC_ROOT_CLASS = YES_ERROR;
				CLANG_WARN_RANGE_LOOP_ANALYSIS = YES;
				CLANG_WARN_STRICT_PROTOTYPES = YES;
				CLANG_WARN_SUSPICIOUS_MOVE = YES;
				CLANG_WARN_UNREACHABLE_CODE = YES;
				CLANG_WARN__DUPLICATE_METHOD_MATCH = YES;
				"CODE_SIGN_IDENTITY[sdk=iphoneos*]" = "iPhone Developer";
				COPY_PHASE_STRIP = NO;
				DEBUG_INFORMATION_FORMAT = "dwarf-with-dsym";
				ENABLE_NS_ASSERTIONS = NO;
				ENABLE_STRICT_OBJC_MSGSEND = YES;
				GCC_C_LANGUAGE_STANDARD = gnu99;
				GCC_NO_COMMON_BLOCKS = YES;
				GCC_WARN_64_TO_32_BIT_CONVERSION = YES;
				GCC_WARN_ABOUT_RETURN_TYPE = YES_ERROR;
				GCC_WARN_UNDECLARED_SELECTOR = YES;
				GCC_WARN_UNINITIALIZED_AUTOS = YES_AGGRESSIVE;
				GCC_WARN_UNUSED_FUNCTION = YES;
				GCC_WARN_UNUSED_VARIABLE = YES;
				IPHONEOS_DEPLOYMENT_TARGET = 10.3;
				MTL_ENABLE_DEBUG_INFO = NO;
				SDKROOT = iphoneos;
				SWIFT_OPTIMIZATION_LEVEL = "-Owholemodule";
				VALIDATE_PRODUCT = YES;
			};
			name = Release;
		};
		186965DF1EC4697C00B6D2F9 /* Debug */ = {
			isa = XCBuildConfiguration;
			baseConfigurationReference = 5FBAC6D6FA7CC74869BDD003 /* Pods-AutoSQLite.swift.debug.xcconfig */;
			buildSettings = {
				ASSETCATALOG_COMPILER_APPICON_NAME = AppIcon;
				DEVELOPMENT_TEAM = "";
				FRAMEWORK_SEARCH_PATHS = (
					"$(inherited)",
					"$(PROJECT_DIR)/AutoSQLite.swift",
				);
				INFOPLIST_FILE = AutoSQLite.swift/Info.plist;
				IPHONEOS_DEPLOYMENT_TARGET = 10.0;
				LD_RUNPATH_SEARCH_PATHS = "$(inherited) @executable_path/Frameworks";
				PRODUCT_BUNDLE_IDENTIFIER = "com.tonyreet.AutoSQLite-swift";
				PRODUCT_NAME = "$(TARGET_NAME)";
				SWIFT_VERSION = 4.0;
			};
			name = Debug;
		};
		186965E01EC4697C00B6D2F9 /* Release */ = {
			isa = XCBuildConfiguration;
			baseConfigurationReference = D0F38D4E9C14F068FC96E229 /* Pods-AutoSQLite.swift.release.xcconfig */;
			buildSettings = {
				ASSETCATALOG_COMPILER_APPICON_NAME = AppIcon;
				DEVELOPMENT_TEAM = "";
				FRAMEWORK_SEARCH_PATHS = (
					"$(inherited)",
					"$(PROJECT_DIR)/AutoSQLite.swift",
				);
				INFOPLIST_FILE = AutoSQLite.swift/Info.plist;
				IPHONEOS_DEPLOYMENT_TARGET = 10.0;
				LD_RUNPATH_SEARCH_PATHS = "$(inherited) @executable_path/Frameworks";
				PRODUCT_BUNDLE_IDENTIFIER = "com.tonyreet.AutoSQLite-swift";
				PRODUCT_NAME = "$(TARGET_NAME)";
				SWIFT_VERSION = 4.0;
			};
			name = Release;
		};
		186965E21EC4697C00B6D2F9 /* Debug */ = {
			isa = XCBuildConfiguration;
			buildSettings = {
				ALWAYS_EMBED_SWIFT_STANDARD_LIBRARIES = YES;
				BUNDLE_LOADER = "$(TEST_HOST)";
				DEVELOPMENT_TEAM = VXJWPMTZDB;
				INFOPLIST_FILE = AutoSQLite.swiftTests/Info.plist;
				LD_RUNPATH_SEARCH_PATHS = "$(inherited) @executable_path/Frameworks @loader_path/Frameworks";
				PRODUCT_BUNDLE_IDENTIFIER = "com.tonyreet.AutoSQLite-swiftTests";
				PRODUCT_NAME = "$(TARGET_NAME)";
				SWIFT_SWIFT3_OBJC_INFERENCE = On;
				SWIFT_VERSION = 4.0;
				TEST_HOST = "$(BUILT_PRODUCTS_DIR)/AutoSQLite.swift.app/AutoSQLite.swift";
			};
			name = Debug;
		};
		186965E31EC4697C00B6D2F9 /* Release */ = {
			isa = XCBuildConfiguration;
			buildSettings = {
				ALWAYS_EMBED_SWIFT_STANDARD_LIBRARIES = YES;
				BUNDLE_LOADER = "$(TEST_HOST)";
				DEVELOPMENT_TEAM = VXJWPMTZDB;
				INFOPLIST_FILE = AutoSQLite.swiftTests/Info.plist;
				LD_RUNPATH_SEARCH_PATHS = "$(inherited) @executable_path/Frameworks @loader_path/Frameworks";
				PRODUCT_BUNDLE_IDENTIFIER = "com.tonyreet.AutoSQLite-swiftTests";
				PRODUCT_NAME = "$(TARGET_NAME)";
				SWIFT_SWIFT3_OBJC_INFERENCE = On;
				SWIFT_VERSION = 4.0;
				TEST_HOST = "$(BUILT_PRODUCTS_DIR)/AutoSQLite.swift.app/AutoSQLite.swift";
			};
			name = Release;
		};
		186965E51EC4697C00B6D2F9 /* Debug */ = {
			isa = XCBuildConfiguration;
			buildSettings = {
				ALWAYS_EMBED_SWIFT_STANDARD_LIBRARIES = YES;
				DEVELOPMENT_TEAM = VXJWPMTZDB;
				INFOPLIST_FILE = AutoSQLite.swiftUITests/Info.plist;
				LD_RUNPATH_SEARCH_PATHS = "$(inherited) @executable_path/Frameworks @loader_path/Frameworks";
				PRODUCT_BUNDLE_IDENTIFIER = "com.tonyreet.AutoSQLite-swiftUITests";
				PRODUCT_NAME = "$(TARGET_NAME)";
				SWIFT_SWIFT3_OBJC_INFERENCE = On;
				SWIFT_VERSION = 4.0;
				TEST_TARGET_NAME = AutoSQLite.swift;
			};
			name = Debug;
		};
		186965E61EC4697C00B6D2F9 /* Release */ = {
			isa = XCBuildConfiguration;
			buildSettings = {
				ALWAYS_EMBED_SWIFT_STANDARD_LIBRARIES = YES;
				DEVELOPMENT_TEAM = VXJWPMTZDB;
				INFOPLIST_FILE = AutoSQLite.swiftUITests/Info.plist;
				LD_RUNPATH_SEARCH_PATHS = "$(inherited) @executable_path/Frameworks @loader_path/Frameworks";
				PRODUCT_BUNDLE_IDENTIFIER = "com.tonyreet.AutoSQLite-swiftUITests";
				PRODUCT_NAME = "$(TARGET_NAME)";
				SWIFT_SWIFT3_OBJC_INFERENCE = On;
				SWIFT_VERSION = 4.0;
				TEST_TARGET_NAME = AutoSQLite.swift;
			};
			name = Release;
		};
/* End XCBuildConfiguration section */

/* Begin XCConfigurationList section */
		186965B11EC4697C00B6D2F9 /* Build configuration list for PBXProject "AutoSQLite.swift" */ = {
			isa = XCConfigurationList;
			buildConfigurations = (
				186965DC1EC4697C00B6D2F9 /* Debug */,
				186965DD1EC4697C00B6D2F9 /* Release */,
			);
			defaultConfigurationIsVisible = 0;
			defaultConfigurationName = Release;
		};
		186965DE1EC4697C00B6D2F9 /* Build configuration list for PBXNativeTarget "AutoSQLite.swift" */ = {
			isa = XCConfigurationList;
			buildConfigurations = (
				186965DF1EC4697C00B6D2F9 /* Debug */,
				186965E01EC4697C00B6D2F9 /* Release */,
			);
			defaultConfigurationIsVisible = 0;
			defaultConfigurationName = Release;
		};
		186965E11EC4697C00B6D2F9 /* Build configuration list for PBXNativeTarget "AutoSQLite.swiftTests" */ = {
			isa = XCConfigurationList;
			buildConfigurations = (
				186965E21EC4697C00B6D2F9 /* Debug */,
				186965E31EC4697C00B6D2F9 /* Release */,
			);
			defaultConfigurationIsVisible = 0;
			defaultConfigurationName = Release;
		};
		186965E41EC4697C00B6D2F9 /* Build configuration list for PBXNativeTarget "AutoSQLite.swiftUITests" */ = {
			isa = XCConfigurationList;
			buildConfigurations = (
				186965E51EC4697C00B6D2F9 /* Debug */,
				186965E61EC4697C00B6D2F9 /* Release */,
			);
			defaultConfigurationIsVisible = 0;
			defaultConfigurationName = Release;
		};
/* End XCConfigurationList section */
	};
	rootObject = 186965AE1EC4697C00B6D2F9 /* Project object */;
}
